{
  "requires": true,
  "lockfileVersion": 1,
  "dependencies": {
    "@webassemblyjs/ast": {
      "version": "1.9.1",
      "resolved": "https://registry.npm.taobao.org/@webassemblyjs/ast/download/@webassemblyjs/ast-1.9.1.tgz",
      "integrity": "sha1-dsaTdxbWi/FITBUTn17TC5q8i7Q=",
      "dev": true,
      "requires": {
        "@webassemblyjs/helper-module-context": "1.9.1",
        "@webassemblyjs/helper-wasm-bytecode": "1.9.1",
        "@webassemblyjs/wast-parser": "1.9.1"
      }
    },
    "@webassemblyjs/floating-point-hex-parser": {
      "version": "1.9.1",
      "resolved": "https://registry.npm.taobao.org/@webassemblyjs/floating-point-hex-parser/download/@webassemblyjs/floating-point-hex-parser-1.9.1.tgz?cache=0&sync_timestamp=1601755793796&other_urls=https%3A%2F%2Fregistry.npm.taobao.org%2F%40webassemblyjs%2Ffloating-point-hex-parser%2Fdownload%2F%40webassemblyjs%2Ffloating-point-hex-parser-1.9.1.tgz",
      "integrity": "sha1-nrD/kKHN7vUfNrpTPtnwa1za3Qk=",
      "dev": true
    },
    "@webassemblyjs/helper-api-error": {
      "version": "1.9.1",
      "resolved": "https://registry.npm.taobao.org/@webassemblyjs/helper-api-error/download/@webassemblyjs/helper-api-error-1.9.1.tgz?cache=0&sync_timestamp=1601755796380&other_urls=https%3A%2F%2Fregistry.npm.taobao.org%2F%40webassemblyjs%2Fhelper-api-error%2Fdownload%2F%40webassemblyjs%2Fhelper-api-error-1.9.1.tgz",
      "integrity": "sha1-rYkBXEJGzX9e0FVnACN/i5wsdS8=",
      "dev": true
    },
    "@webassemblyjs/helper-code-frame": {
      "version": "1.9.1",
      "resolved": "https://registry.npm.taobao.org/@webassemblyjs/helper-code-frame/download/@webassemblyjs/helper-code-frame-1.9.1.tgz?cache=0&sync_timestamp=1601755802533&other_urls=https%3A%2F%2Fregistry.npm.taobao.org%2F%40webassemblyjs%2Fhelper-code-frame%2Fdownload%2F%40webassemblyjs%2Fhelper-code-frame-1.9.1.tgz",
      "integrity": "sha1-qrF3t8yHoxio+GZK1o4sOCjrxCs=",
      "dev": true,
      "requires": {
        "@webassemblyjs/wast-printer": "1.9.1"
      }
    },
    "@webassemblyjs/helper-fsm": {
      "version": "1.9.1",
      "resolved": "https://registry.npm.taobao.org/@webassemblyjs/helper-fsm/download/@webassemblyjs/helper-fsm-1.9.1.tgz?cache=0&sync_timestamp=1601755793123&other_urls=https%3A%2F%2Fregistry.npm.taobao.org%2F%40webassemblyjs%2Fhelper-fsm%2Fdownload%2F%40webassemblyjs%2Fhelper-fsm-1.9.1.tgz",
      "integrity": "sha1-Un6RYo6E0T01c4hLPcTFOoHcuRE=",
      "dev": true
    },
    "@webassemblyjs/helper-module-context": {
      "version": "1.9.1",
      "resolved": "https://registry.npm.taobao.org/@webassemblyjs/helper-module-context/download/@webassemblyjs/helper-module-context-1.9.1.tgz",
      "integrity": "sha1-d4Zws9Rx988JPR58Dd5DG1QxDhY=",
      "dev": true,
      "requires": {
        "@webassemblyjs/ast": "1.9.1"
      }
    },
    "@webassemblyjs/helper-wasm-bytecode": {
      "version": "1.9.1",
      "resolved": "https://registry.npm.taobao.org/@webassemblyjs/helper-wasm-bytecode/download/@webassemblyjs/helper-wasm-bytecode-1.9.1.tgz?cache=0&sync_timestamp=1601755794664&other_urls=https%3A%2F%2Fregistry.npm.taobao.org%2F%40webassemblyjs%2Fhelper-wasm-bytecode%2Fdownload%2F%40webassemblyjs%2Fhelper-wasm-bytecode-1.9.1.tgz",
      "integrity": "sha1-Vj9ZvPQJzPRp7d4Wi5Qmlh/79t8=",
      "dev": true
    },
    "@webassemblyjs/wast-parser": {
      "version": "1.9.1",
      "resolved": "https://registry.npm.taobao.org/@webassemblyjs/wast-parser/download/@webassemblyjs/wast-parser-1.9.1.tgz",
      "integrity": "sha1-4l7xNYXAYAc8HbDWvZQ0D97udZY=",
      "dev": true,
      "requires": {
        "@webassemblyjs/ast": "1.9.1",
        "@webassemblyjs/floating-point-hex-parser": "1.9.1",
        "@webassemblyjs/helper-api-error": "1.9.1",
        "@webassemblyjs/helper-code-frame": "1.9.1",
        "@webassemblyjs/helper-fsm": "1.9.1",
        "@xtuc/long": "4.2.2"
      }
    },
    "@webassemblyjs/wast-printer": {
      "version": "1.9.1",
      "resolved": "https://registry.npm.taobao.org/@webassemblyjs/wast-printer/download/@webassemblyjs/wast-printer-1.9.1.tgz?cache=0&sync_timestamp=1601755800882&other_urls=https%3A%2F%2Fregistry.npm.taobao.org%2F%40webassemblyjs%2Fwast-printer%2Fdownload%2F%40webassemblyjs%2Fwast-printer-1.9.1.tgz",
      "integrity": "sha1-ufOOk2UgN9Tz+ckVhGNa9Bke18E=",
      "dev": true,
      "requires": {
        "@webassemblyjs/ast": "1.9.1",
        "@webassemblyjs/wast-parser": "1.9.1",
        "@xtuc/long": "4.2.2"
      }
    },
    "@xtuc/long": {
      "version": "4.2.2",
      "resolved": "https://registry.npm.taobao.org/@xtuc/long/download/@xtuc/long-4.2.2.tgz",
      "integrity": "sha1-0pHGpOl5ibXGHZrPOWrk/hM6cY0=",
      "dev": true
    }
  }
}
